
Microsoft Visual Studio Solution File, Format Version 12.00
# Visual Studio Version 17
VisualStudioVersion = 17.4.33103.184
MinimumVisualStudioVersion = 10.0.40219.1
Project("{FAE04EC0-301F-11D3-BF4B-00C04F79EFBC}") = "CRM-Monday", "CRM-Monday.csproj", "{B7311142-A66A-4AEA-87B5-C975C786BDD9}"
EndProject
Global
	GlobalSection(SolutionConfigurationPlatforms) = preSolution
		Debug|Any CPU = Debug|Any CPU
		Release|Any CPU = Release|Any CPU
	EndGlobalSection
	GlobalSection(ProjectConfigurationPlatforms) = postSolution
		{B7311142-A66A-4AEA-87B5-C975C786BDD9}.Debug|Any CPU.ActiveCfg = Debug|Any CPU
		{B7311142-A66A-4AEA-87B5-C975C786BDD9}.Debug|Any CPU.Build.0 = Debug|Any CPU
		{B7311142-A66A-4AEA-87B5-C975C786BDD9}.Release|Any CPU.ActiveCfg = Release|Any CPU
		{B7311142-A66A-4AEA-87B5-C975C786BDD9}.Release|Any CPU.Build.0 = Release|Any CPU
	EndGlobalSection
	GlobalSection(SolutionProperties) = preSolution
		HideSolutionNode = FALSE
	EndGlobalSection
	GlobalSection(ExtensibilityGlobals) = postSolution
		SolutionGuid = {8072CB91-760B-420E-BC11-6F6A426C9572}
	EndGlobalSection
EndGlobal
